// !$*UTF8*$!
{
	archiveVersion = 1;
	classes = {
	};
	objectVersion = 56;
	objects = {

/* Begin PBXBuildFile section */
		4E2228BF2BC6D1B30086FF8F /* ReminderViewController.swift in Sources */ = {isa = PBXBuildFile; fileRef = 4E2228BE2BC6D1B30086FF8F /* ReminderViewController.swift */; };
		4E2228C22BC6D43B0086FF8F /* ReminderViewController+Row.swift in Sources */ = {isa = PBXBuildFile; fileRef = 4E2228C12BC6D43B0086FF8F /* ReminderViewController+Row.swift */; };
		4E412C5E2BEA1DF200FB56F5 /* ReminderListStyle.swift in Sources */ = {isa = PBXBuildFile; fileRef = 4E412C5D2BEA1DF200FB56F5 /* ReminderListStyle.swift */; };
		4E4D31202BE54A4400A52ED0 /* ReminderViewController+CellConfiguration.swift in Sources */ = {isa = PBXBuildFile; fileRef = 4E4D311F2BE54A4400A52ED0 /* ReminderViewController+CellConfiguration.swift */; };
		4E4D31232BE54D4000A52ED0 /* UIView+PinnedSubview.swift in Sources */ = {isa = PBXBuildFile; fileRef = 4E4D31222BE54D4000A52ED0 /* UIView+PinnedSubview.swift */; };
		4E4D31252BE54FF200A52ED0 /* TextFieldContentView.swift in Sources */ = {isa = PBXBuildFile; fileRef = 4E4D31242BE54FF200A52ED0 /* TextFieldContentView.swift */; };
		4E4D31272BE5520900A52ED0 /* UIContentConfiguration+Stateless.swift in Sources */ = {isa = PBXBuildFile; fileRef = 4E4D31262BE5520900A52ED0 /* UIContentConfiguration+Stateless.swift */; };
		4E4D31292BE557D000A52ED0 /* TextViewContentView.swift in Sources */ = {isa = PBXBuildFile; fileRef = 4E4D31282BE557D000A52ED0 /* TextViewContentView.swift */; };
		4E4D312B2BE5590800A52ED0 /* DatePickerContentView.swift in Sources */ = {isa = PBXBuildFile; fileRef = 4E4D312A2BE5590800A52ED0 /* DatePickerContentView.swift */; };
		4E5AF2052BC576EF00F21899 /* ReminderDoneButton.swift in Sources */ = {isa = PBXBuildFile; fileRef = 4E5AF2042BC576EF00F21899 /* ReminderDoneButton.swift */; };
		4E5AF2072BC577CC00F21899 /* ReminderListViewController+Actions.swift in Sources */ = {isa = PBXBuildFile; fileRef = 4E5AF2062BC577CC00F21899 /* ReminderListViewController+Actions.swift */; };
		4E8850352BEBE1F3005EBABA /* CAGradientLayer+ListStyle.swift in Sources */ = {isa = PBXBuildFile; fileRef = 4E8850342BEBE1F3005EBABA /* CAGradientLayer+ListStyle.swift */; };
		4E9D3F9F2BC466ED00DAEF45 /* ReminderListViewController.swift in Sources */ = {isa = PBXBuildFile; fileRef = 4E9D3F9E2BC466ED00DAEF45 /* ReminderListViewController.swift */; };
		4E9D3FA12BC466F600DAEF45 /* ReminderListViewController+DataSource.swift in Sources */ = {isa = PBXBuildFile; fileRef = 4E9D3FA02BC466F600DAEF45 /* ReminderListViewController+DataSource.swift */; };
		4E9D3FA32BC4678C00DAEF45 /* Date+Today.swift in Sources */ = {isa = PBXBuildFile; fileRef = 4E9D3FA22BC4678C00DAEF45 /* Date+Today.swift */; };
		4EA724ED2BD5673600EE56BE /* ReminderViewController+Section.swift in Sources */ = {isa = PBXBuildFile; fileRef = 4EA724EC2BD5673600EE56BE /* ReminderViewController+Section.swift */; };
		4EB97F062BEBA9C60080809A /* ProgressHeaderView.swift in Sources */ = {isa = PBXBuildFile; fileRef = 4EB97F052BEBA9C60080809A /* ProgressHeaderView.swift */; };
		AAD0598828EC8D10004F4962 /* AppDelegate.swift in Sources */ = {isa = PBXBuildFile; fileRef = AAD0598728EC8D10004F4962 /* AppDelegate.swift */; };
		AAD0598A28EC8D10004F4962 /* SceneDelegate.swift in Sources */ = {isa = PBXBuildFile; fileRef = AAD0598928EC8D10004F4962 /* SceneDelegate.swift */; };
		AAD0598F28EC8D10004F4962 /* Main.storyboard in Resources */ = {isa = PBXBuildFile; fileRef = AAD0598D28EC8D10004F4962 /* Main.storyboard */; };
		AAD0599128EC8D12004F4962 /* Assets.xcassets in Resources */ = {isa = PBXBuildFile; fileRef = AAD0599028EC8D12004F4962 /* Assets.xcassets */; };
		AAD0599428EC8D12004F4962 /* LaunchScreen.storyboard in Resources */ = {isa = PBXBuildFile; fileRef = AAD0599228EC8D12004F4962 /* LaunchScreen.storyboard */; };
		AAD059C428ECC017004F4962 /* Reminder.swift in Sources */ = {isa = PBXBuildFile; fileRef = AAD059C328ECC017004F4962 /* Reminder.swift */; };
		AAD059CB28ECD992004F4962 /* UIColor+Today.swift in Sources */ = {isa = PBXBuildFile; fileRef = AAD059CA28ECD992004F4962 /* UIColor+Today.swift */; };
/* End PBXBuildFile section */

/* Begin PBXFileReference section */
		4E2228BE2BC6D1B30086FF8F /* ReminderViewController.swift */ = {isa = PBXFileReference; lastKnownFileType = sourcecode.swift; path = ReminderViewController.swift; sourceTree = "<group>"; };
		4E2228C12BC6D43B0086FF8F /* ReminderViewController+Row.swift */ = {isa = PBXFileReference; lastKnownFileType = sourcecode.swift; path = "ReminderViewController+Row.swift"; sourceTree = "<group>"; };
		4E412C5D2BEA1DF200FB56F5 /* ReminderListStyle.swift */ = {isa = PBXFileReference; lastKnownFileType = sourcecode.swift; path = ReminderListStyle.swift; sourceTree = "<group>"; };
		4E4D311F2BE54A4400A52ED0 /* ReminderViewController+CellConfiguration.swift */ = {isa = PBXFileReference; lastKnownFileType = sourcecode.swift; path = "ReminderViewController+CellConfiguration.swift"; sourceTree = "<group>"; };
		4E4D31222BE54D4000A52ED0 /* UIView+PinnedSubview.swift */ = {isa = PBXFileReference; lastKnownFileType = sourcecode.swift; path = "UIView+PinnedSubview.swift"; sourceTree = "<group>"; };
		4E4D31242BE54FF200A52ED0 /* TextFieldContentView.swift */ = {isa = PBXFileReference; lastKnownFileType = sourcecode.swift; path = TextFieldContentView.swift; sourceTree = "<group>"; };
		4E4D31262BE5520900A52ED0 /* UIContentConfiguration+Stateless.swift */ = {isa = PBXFileReference; lastKnownFileType = sourcecode.swift; path = "UIContentConfiguration+Stateless.swift"; sourceTree = "<group>"; };
		4E4D31282BE557D000A52ED0 /* TextViewContentView.swift */ = {isa = PBXFileReference; lastKnownFileType = sourcecode.swift; path = TextViewContentView.swift; sourceTree = "<group>"; };
		4E4D312A2BE5590800A52ED0 /* DatePickerContentView.swift */ = {isa = PBXFileReference; lastKnownFileType = sourcecode.swift; path = DatePickerContentView.swift; sourceTree = "<group>"; };
		4E5AF2042BC576EF00F21899 /* ReminderDoneButton.swift */ = {isa = PBXFileReference; lastKnownFileType = sourcecode.swift; path = ReminderDoneButton.swift; sourceTree = "<group>"; };
		4E5AF2062BC577CC00F21899 /* ReminderListViewController+Actions.swift */ = {isa = PBXFileReference; lastKnownFileType = sourcecode.swift; path = "ReminderListViewController+Actions.swift"; sourceTree = "<group>"; };
		4E8850342BEBE1F3005EBABA /* CAGradientLayer+ListStyle.swift */ = {isa = PBXFileReference; lastKnownFileType = sourcecode.swift; path = "CAGradientLayer+ListStyle.swift"; sourceTree = "<group>"; };
		4E9D3F9E2BC466ED00DAEF45 /* ReminderListViewController.swift */ = {isa = PBXFileReference; fileEncoding = 4; lastKnownFileType = sourcecode.swift; path = ReminderListViewController.swift; sourceTree = "<group>"; };
		4E9D3FA02BC466F600DAEF45 /* ReminderListViewController+DataSource.swift */ = {isa = PBXFileReference; fileEncoding = 4; lastKnownFileType = sourcecode.swift; path = "ReminderListViewController+DataSource.swift"; sourceTree = "<group>"; };
		4E9D3FA22BC4678C00DAEF45 /* Date+Today.swift */ = {isa = PBXFileReference; fileEncoding = 4; lastKnownFileType = sourcecode.swift; path = "Date+Today.swift"; sourceTree = "<group>"; };
		4EA724EC2BD5673600EE56BE /* ReminderViewController+Section.swift */ = {isa = PBXFileReference; lastKnownFileType = sourcecode.swift; path = "ReminderViewController+Section.swift"; sourceTree = "<group>"; };
		4EB97F052BEBA9C60080809A /* ProgressHeaderView.swift */ = {isa = PBXFileReference; lastKnownFileType = sourcecode.swift; path = ProgressHeaderView.swift; sourceTree = "<group>"; };
		AAD0598428EC8D10004F4962 /* Today.app */ = {isa = PBXFileReference; explicitFileType = wrapper.application; includeInIndex = 0; path = Today.app; sourceTree = BUILT_PRODUCTS_DIR; };
		AAD0598728EC8D10004F4962 /* AppDelegate.swift */ = {isa = PBXFileReference; lastKnownFileType = sourcecode.swift; path = AppDelegate.swift; sourceTree = "<group>"; };
		AAD0598928EC8D10004F4962 /* SceneDelegate.swift */ = {isa = PBXFileReference; lastKnownFileType = sourcecode.swift; path = SceneDelegate.swift; sourceTree = "<group>"; };
		AAD0598E28EC8D10004F4962 /* Base */ = {isa = PBXFileReference; lastKnownFileType = file.storyboard; name = Base; path = Base.lproj/Main.storyboard; sourceTree = "<group>"; };
		AAD0599028EC8D12004F4962 /* Assets.xcassets */ = {isa = PBXFileReference; lastKnownFileType = folder.assetcatalog; path = Assets.xcassets; sourceTree = "<group>"; };
		AAD0599328EC8D12004F4962 /* Base */ = {isa = PBXFileReference; lastKnownFileType = file.storyboard; name = Base; path = Base.lproj/LaunchScreen.storyboard; sourceTree = "<group>"; };
		AAD0599528EC8D12004F4962 /* Info.plist */ = {isa = PBXFileReference; lastKnownFileType = text.plist.xml; path = Info.plist; sourceTree = "<group>"; };
		AAD059C328ECC017004F4962 /* Reminder.swift */ = {isa = PBXFileReference; lastKnownFileType = sourcecode.swift; path = Reminder.swift; sourceTree = "<group>"; };
		AAD059CA28ECD992004F4962 /* UIColor+Today.swift */ = {isa = PBXFileReference; fileEncoding = 4; lastKnownFileType = sourcecode.swift; path = "UIColor+Today.swift"; sourceTree = "<group>"; };
/* End PBXFileReference section */

/* Begin PBXFrameworksBuildPhase section */
		AAD0598128EC8D10004F4962 /* Frameworks */ = {
			isa = PBXFrameworksBuildPhase;
			buildActionMask = 2147483647;
			files = (
			);
			runOnlyForDeploymentPostprocessing = 0;
		};
/* End PBXFrameworksBuildPhase section */

/* Begin PBXGroup section */
		4E2228C02BC6D4100086FF8F /* DetailViewController */ = {
			isa = PBXGroup;
			children = (
				4E2228BE2BC6D1B30086FF8F /* ReminderViewController.swift */,
				4E2228C12BC6D43B0086FF8F /* ReminderViewController+Row.swift */,
				4EA724EC2BD5673600EE56BE /* ReminderViewController+Section.swift */,
				4E4D311F2BE54A4400A52ED0 /* ReminderViewController+CellConfiguration.swift */,
			);
			path = DetailViewController;
			sourceTree = "<group>";
		};
		4E4D31212BE54CF700A52ED0 /* ContentViews */ = {
			isa = PBXGroup;
			children = (
				4E4D31222BE54D4000A52ED0 /* UIView+PinnedSubview.swift */,
				4E4D31242BE54FF200A52ED0 /* TextFieldContentView.swift */,
				4E4D31262BE5520900A52ED0 /* UIContentConfiguration+Stateless.swift */,
				4E4D31282BE557D000A52ED0 /* TextViewContentView.swift */,
				4E4D312A2BE5590800A52ED0 /* DatePickerContentView.swift */,
			);
			path = ContentViews;
			sourceTree = "<group>";
		};
		4E9D3F9D2BC466B400DAEF45 /* ListViewController */ = {
			isa = PBXGroup;
			children = (
				4E9D3FA02BC466F600DAEF45 /* ReminderListViewController+DataSource.swift */,
				4E5AF2062BC577CC00F21899 /* ReminderListViewController+Actions.swift */,
				4E9D3F9E2BC466ED00DAEF45 /* ReminderListViewController.swift */,
				4EB97F052BEBA9C60080809A /* ProgressHeaderView.swift */,
				4E5AF2042BC576EF00F21899 /* ReminderDoneButton.swift */,
			);
			path = ListViewController;
			sourceTree = "<group>";
		};
		AAD0597B28EC8D10004F4962 = {
			isa = PBXGroup;
			children = (
				AAD0598628EC8D10004F4962 /* Today */,
				AAD0598528EC8D10004F4962 /* Products */,
			);
			sourceTree = "<group>";
		};
		AAD0598528EC8D10004F4962 /* Products */ = {
			isa = PBXGroup;
			children = (
				AAD0598428EC8D10004F4962 /* Today.app */,
			);
			name = Products;
			sourceTree = "<group>";
		};
		AAD0598628EC8D10004F4962 /* Today */ = {
			isa = PBXGroup;
			children = (
				AAD059C228ECBFAA004F4962 /* Models */,
				4E4D31212BE54CF700A52ED0 /* ContentViews */,
				AAD0598728EC8D10004F4962 /* AppDelegate.swift */,
				AAD0598928EC8D10004F4962 /* SceneDelegate.swift */,
				4E2228C02BC6D4100086FF8F /* DetailViewController */,
				4E9D3F9D2BC466B400DAEF45 /* ListViewController */,
				AAD0598D28EC8D10004F4962 /* Main.storyboard */,
				AAD0599028EC8D12004F4962 /* Assets.xcassets */,
				AAD0599228EC8D12004F4962 /* LaunchScreen.storyboard */,
				AAD0599528EC8D12004F4962 /* Info.plist */,
			);
			path = Today;
			sourceTree = "<group>";
		};
		AAD059C228ECBFAA004F4962 /* Models */ = {
			isa = PBXGroup;
			children = (
				4E8850342BEBE1F3005EBABA /* CAGradientLayer+ListStyle.swift */,
				4E9D3FA22BC4678C00DAEF45 /* Date+Today.swift */,
				AAD059C328ECC017004F4962 /* Reminder.swift */,
				4E412C5D2BEA1DF200FB56F5 /* ReminderListStyle.swift */,
				AAD059CA28ECD992004F4962 /* UIColor+Today.swift */,
			);
			path = Models;
			sourceTree = "<group>";
		};
/* End PBXGroup section */

/* Begin PBXNativeTarget section */
		AAD0598328EC8D10004F4962 /* Today */ = {
			isa = PBXNativeTarget;
			buildConfigurationList = AAD059AE28EC8D12004F4962 /* Build configuration list for PBXNativeTarget "Today" */;
			buildPhases = (
				AAD0598028EC8D10004F4962 /* Sources */,
				AAD0598128EC8D10004F4962 /* Frameworks */,
				AAD0598228EC8D10004F4962 /* Resources */,
			);
			buildRules = (
			);
			dependencies = (
			);
			name = Today;
			productName = Today;
			productReference = AAD0598428EC8D10004F4962 /* Today.app */;
			productType = "com.apple.product-type.application";
		};
/* End PBXNativeTarget section */

/* Begin PBXProject section */
		AAD0597C28EC8D10004F4962 /* Project object */ = {
			isa = PBXProject;
			attributes = {
				BuildIndependentTargetsInParallel = 1;
				LastSwiftUpdateCheck = 1410;
				LastUpgradeCheck = 1530;
				TargetAttributes = {
					AAD0598328EC8D10004F4962 = {
						CreatedOnToolsVersion = 14.1;
					};
				};
			};
			buildConfigurationList = AAD0597F28EC8D10004F4962 /* Build configuration list for PBXProject "Today" */;
			compatibilityVersion = "Xcode 14.0";
			developmentRegion = en;
			hasScannedForEncodings = 0;
			knownRegions = (
				en,
				Base,
			);
			mainGroup = AAD0597B28EC8D10004F4962;
			productRefGroup = AAD0598528EC8D10004F4962 /* Products */;
			projectDirPath = "";
			projectRoot = "";
			targets = (
				AAD0598328EC8D10004F4962 /* Today */,
			);
		};
/* End PBXProject section */

/* Begin PBXResourcesBuildPhase section */
		AAD0598228EC8D10004F4962 /* Resources */ = {
			isa = PBXResourcesBuildPhase;
			buildActionMask = 2147483647;
			files = (
				AAD0599428EC8D12004F4962 /* LaunchScreen.storyboard in Resources */,
				AAD0599128EC8D12004F4962 /* Assets.xcassets in Resources */,
				AAD0598F28EC8D10004F4962 /* Main.storyboard in Resources */,
			);
			runOnlyForDeploymentPostprocessing = 0;
		};
/* End PBXResourcesBuildPhase section */

/* Begin PBXSourcesBuildPhase section */
		AAD0598028EC8D10004F4962 /* Sources */ = {
			isa = PBXSourcesBuildPhase;
			buildActionMask = 2147483647;
			files = (
				4EB97F062BEBA9C60080809A /* ProgressHeaderView.swift in Sources */,
				4E4D31232BE54D4000A52ED0 /* UIView+PinnedSubview.swift in Sources */,
				4EA724ED2BD5673600EE56BE /* ReminderViewController+Section.swift in Sources */,
				4E4D312B2BE5590800A52ED0 /* DatePickerContentView.swift in Sources */,
				AAD0598828EC8D10004F4962 /* AppDelegate.swift in Sources */,
				4E5AF2072BC577CC00F21899 /* ReminderListViewController+Actions.swift in Sources */,
				4E2228BF2BC6D1B30086FF8F /* ReminderViewController.swift in Sources */,
				4E412C5E2BEA1DF200FB56F5 /* ReminderListStyle.swift in Sources */,
				4E4D31272BE5520900A52ED0 /* UIContentConfiguration+Stateless.swift in Sources */,
				AAD059CB28ECD992004F4962 /* UIColor+Today.swift in Sources */,
				AAD0598A28EC8D10004F4962 /* SceneDelegate.swift in Sources */,
				4E4D31252BE54FF200A52ED0 /* TextFieldContentView.swift in Sources */,
				4E4D31292BE557D000A52ED0 /* TextViewContentView.swift in Sources */,
				4E2228C22BC6D43B0086FF8F /* ReminderViewController+Row.swift in Sources */,
				4E5AF2052BC576EF00F21899 /* ReminderDoneButton.swift in Sources */,
				4E9D3F9F2BC466ED00DAEF45 /* ReminderListViewController.swift in Sources */,
				4E4D31202BE54A4400A52ED0 /* ReminderViewController+CellConfiguration.swift in Sources */,
				AAD059C428ECC017004F4962 /* Reminder.swift in Sources */,
				4E9D3FA32BC4678C00DAEF45 /* Date+Today.swift in Sources */,
				4E8850352BEBE1F3005EBABA /* CAGradientLayer+ListStyle.swift in Sources */,
				4E9D3FA12BC466F600DAEF45 /* ReminderListViewController+DataSource.swift in Sources */,
			);
			runOnlyForDeploymentPostprocessing = 0;
		};
/* End PBXSourcesBuildPhase section */

/* Begin PBXVariantGroup section */
		AAD0598D28EC8D10004F4962 /* Main.storyboard */ = {
			isa = PBXVariantGroup;
			children = (
				AAD0598E28EC8D10004F4962 /* Base */,
			);
			name = Main.storyboard;
			sourceTree = "<group>";
		};
		AAD0599228EC8D12004F4962 /* LaunchScreen.storyboard */ = {
			isa = PBXVariantGroup;
			children = (
				AAD0599328EC8D12004F4962 /* Base */,
			);
			name = LaunchScreen.storyboard;
			sourceTree = "<group>";
		};
/* End PBXVariantGroup section */

/* Begin XCBuildConfiguration section */
		AAD059AC28EC8D12004F4962 /* Debug */ = {
			isa = XCBuildConfiguration;
			buildSettings = {
				ALWAYS_SEARCH_USER_PATHS = NO;
				CLANG_ANALYZER_NONNULL = YES;
				CLANG_ANALYZER_NUMBER_OBJECT_CONVERSION = YES_AGGRESSIVE;
				CLANG_CXX_LANGUAGE_STANDARD = "gnu++20";
				CLANG_ENABLE_MODULES = YES;
				CLANG_ENABLE_OBJC_ARC = YES;
				CLANG_ENABLE_OBJC_WEAK = YES;
				CLANG_WARN_BLOCK_CAPTURE_AUTORELEASING = YES;
				CLANG_WARN_BOOL_CONVERSION = YES;
				CLANG_WARN_COMMA = YES;
				CLANG_WARN_CONSTANT_CONVERSION = YES;
				CLANG_WARN_DEPRECATED_OBJC_IMPLEMENTATIONS = YES;
				CLANG_WARN_DIRECT_OBJC_ISA_USAGE = YES_ERROR;
				CLANG_WARN_DOCUMENTATION_COMMENTS = YES;
				CLANG_WARN_EMPTY_BODY = YES;
				CLANG_WARN_ENUM_CONVERSION = YES;
				CLANG_WARN_INFINITE_RECURSION = YES;
				CLANG_WARN_INT_CONVERSION = YES;
				CLANG_WARN_NON_LITERAL_NULL_CONVERSION = YES;
				CLANG_WARN_OBJC_IMPLICIT_RETAIN_SELF = YES;
				CLANG_WARN_OBJC_LITERAL_CONVERSION = YES;
				CLANG_WARN_OBJC_ROOT_CLASS = YES_ERROR;
				CLANG_WARN_QUOTED_INCLUDE_IN_FRAMEWORK_HEADER = YES;
				CLANG_WARN_RANGE_LOOP_ANALYSIS = YES;
				CLANG_WARN_STRICT_PROTOTYPES = YES;
				CLANG_WARN_SUSPICIOUS_MOVE = YES;
				CLANG_WARN_UNGUARDED_AVAILABILITY = YES_AGGRESSIVE;
				CLANG_WARN_UNREACHABLE_CODE = YES;
				CLANG_WARN__DUPLICATE_METHOD_MATCH = YES;
				COPY_PHASE_STRIP = NO;
				DEBUG_INFORMATION_FORMAT = dwarf;
				ENABLE_STRICT_OBJC_MSGSEND = YES;
				ENABLE_TESTABILITY = YES;
				ENABLE_USER_SCRIPT_SANDBOXING = YES;
				GCC_C_LANGUAGE_STANDARD = gnu11;
				GCC_DYNAMIC_NO_PIC = NO;
				GCC_NO_COMMON_BLOCKS = YES;
				GCC_OPTIMIZATION_LEVEL = 0;
				GCC_PREPROCESSOR_DEFINITIONS = (
					"DEBUG=1",
					"$(inherited)",
				);
				GCC_WARN_64_TO_32_BIT_CONVERSION = YES;
				GCC_WARN_ABOUT_RETURN_TYPE = YES_ERROR;
				GCC_WARN_UNDECLARED_SELECTOR = YES;
				GCC_WARN_UNINITIALIZED_AUTOS = YES_AGGRESSIVE;
				GCC_WARN_UNUSED_FUNCTION = YES;
				GCC_WARN_UNUSED_VARIABLE = YES;
				IPHONEOS_DEPLOYMENT_TARGET = 15.6;
				MTL_ENABLE_DEBUG_INFO = INCLUDE_SOURCE;
				MTL_FAST_MATH = YES;
				ONLY_ACTIVE_ARCH = YES;
				SDKROOT = iphoneos;
				SWIFT_ACTIVE_COMPILATION_CONDITIONS = DEBUG;
				SWIFT_OPTIMIZATION_LEVEL = "-Onone";
			};
			name = Debug;
		};
		AAD059AD28EC8D12004F4962 /* Release */ = {
			isa = XCBuildConfiguration;
			buildSettings = {
				ALWAYS_SEARCH_USER_PATHS = NO;
				CLANG_ANALYZER_NONNULL = YES;
				CLANG_ANALYZER_NUMBER_OBJECT_CONVERSION = YES_AGGRESSIVE;
				CLANG_CXX_LANGUAGE_STANDARD = "gnu++20";
				CLANG_ENABLE_MODULES = YES;
				CLANG_ENABLE_OBJC_ARC = YES;
				CLANG_ENABLE_OBJC_WEAK = YES;
				CLANG_WARN_BLOCK_CAPTURE_AUTORELEASING = YES;
				CLANG_WARN_BOOL_CONVERSION = YES;
				CLANG_WARN_COMMA = YES;
				CLANG_WARN_CONSTANT_CONVERSION = YES;
				CLANG_WARN_DEPRECATED_OBJC_IMPLEMENTATIONS = YES;
				CLANG_WARN_DIRECT_OBJC_ISA_USAGE = YES_ERROR;
				CLANG_WARN_DOCUMENTATION_COMMENTS = YES;
				CLANG_WARN_EMPTY_BODY = YES;
				CLANG_WARN_ENUM_CONVERSION = YES;
				CLANG_WARN_INFINITE_RECURSION = YES;
				CLANG_WARN_INT_CONVERSION = YES;
				CLANG_WARN_NON_LITERAL_NULL_CONVERSION = YES;
				CLANG_WARN_OBJC_IMPLICIT_RETAIN_SELF = YES;
				CLANG_WARN_OBJC_LITERAL_CONVERSION = YES;
				CLANG_WARN_OBJC_ROOT_CLASS = YES_ERROR;
				CLANG_WARN_QUOTED_INCLUDE_IN_FRAMEWORK_HEADER = YES;
				CLANG_WARN_RANGE_LOOP_ANALYSIS = YES;
				CLANG_WARN_STRICT_PROTOTYPES = YES;
				CLANG_WARN_SUSPICIOUS_MOVE = YES;
				CLANG_WARN_UNGUARDED_AVAILABILITY = YES_AGGRESSIVE;
				CLANG_WARN_UNREACHABLE_CODE = YES;
				CLANG_WARN__DUPLICATE_METHOD_MATCH = YES;
				COPY_PHASE_STRIP = NO;
				DEBUG_INFORMATION_FORMAT = "dwarf-with-dsym";
				ENABLE_NS_ASSERTIONS = NO;
				ENABLE_STRICT_OBJC_MSGSEND = YES;
				ENABLE_USER_SCRIPT_SANDBOXING = YES;
				GCC_C_LANGUAGE_STANDARD = gnu11;
				GCC_NO_COMMON_BLOCKS = YES;
				GCC_WARN_64_TO_32_BIT_CONVERSION = YES;
				GCC_WARN_ABOUT_RETURN_TYPE = YES_ERROR;
				GCC_WARN_UNDECLARED_SELECTOR = YES;
				GCC_WARN_UNINITIALIZED_AUTOS = YES_AGGRESSIVE;
				GCC_WARN_UNUSED_FUNCTION = YES;
				GCC_WARN_UNUSED_VARIABLE = YES;
				IPHONEOS_DEPLOYMENT_TARGET = 15.6;
				MTL_ENABLE_DEBUG_INFO = NO;
				MTL_FAST_MATH = YES;
				SDKROOT = iphoneos;
				SWIFT_COMPILATION_MODE = wholemodule;
				SWIFT_OPTIMIZATION_LEVEL = "-O";
				VALIDATE_PRODUCT = YES;
			};
			name = Release;
		};
		AAD059AF28EC8D12004F4962 /* Debug */ = {
			isa = XCBuildConfiguration;
			buildSettings = {
				ASSETCATALOG_COMPILER_APPICON_NAME = AppIcon;
				ASSETCATALOG_COMPILER_GLOBAL_ACCENT_COLOR_NAME = AccentColor;
				CODE_SIGN_STYLE = Automatic;
				CURRENT_PROJECT_VERSION = 1;
				DEVELOPMENT_TEAM = WRCVCVPXY8;
				GENERATE_INFOPLIST_FILE = YES;
				INFOPLIST_FILE = Today/Info.plist;
				INFOPLIST_KEY_UIApplicationSupportsIndirectInputEvents = YES;
				INFOPLIST_KEY_UILaunchStoryboardName = LaunchScreen;
				INFOPLIST_KEY_UIMainStoryboardFile = Main;
				INFOPLIST_KEY_UISupportedInterfaceOrientations_iPad = "UIInterfaceOrientationPortrait UIInterfaceOrientationPortraitUpsideDown UIInterfaceOrientationLandscapeLeft UIInterfaceOrientationLandscapeRight";
				INFOPLIST_KEY_UISupportedInterfaceOrientations_iPhone = "UIInterfaceOrientationPortrait UIInterfaceOrientationLandscapeLeft UIInterfaceOrientationLandscapeRight";
				LD_RUNPATH_SEARCH_PATHS = (
					"$(inherited)",
					"@executable_path/Frameworks",
				);
				MARKETING_VERSION = 1.0;
				PRODUCT_BUNDLE_IDENTIFIER = "com.s-rozov.Today";
				PRODUCT_NAME = "$(TARGET_NAME)";
				SWIFT_EMIT_LOC_STRINGS = YES;
				SWIFT_VERSION = 5.0;
				TARGETED_DEVICE_FAMILY = "1,2";
			};
			name = Debug;
		};
		AAD059B028EC8D12004F4962 /* Release */ = {
			isa = XCBuildConfiguration;
			buildSettings = {
				ASSETCATALOG_COMPILER_APPICON_NAME = AppIcon;
				ASSETCATALOG_COMPILER_GLOBAL_ACCENT_COLOR_NAME = AccentColor;
				CODE_SIGN_STYLE = Automatic;
				CURRENT_PROJECT_VERSION = 1;
				DEVELOPMENT_TEAM = WRCVCVPXY8;
				GENERATE_INFOPLIST_FILE = YES;
				INFOPLIST_FILE = Today/Info.plist;
				INFOPLIST_KEY_UIApplicationSupportsIndirectInputEvents = YES;
				INFOPLIST_KEY_UILaunchStoryboardName = LaunchScreen;
				INFOPLIST_KEY_UIMainStoryboardFile = Main;
				INFOPLIST_KEY_UISupportedInterfaceOrientations_iPad = "UIInterfaceOrientationPortrait UIInterfaceOrientationPortraitUpsideDown UIInterfaceOrientationLandscapeLeft UIInterfaceOrientationLandscapeRight";
				INFOPLIST_KEY_UISupportedInterfaceOrientations_iPhone = "UIInterfaceOrientationPortrait UIInterfaceOrientationLandscapeLeft UIInterfaceOrientationLandscapeRight";
				LD_RUNPATH_SEARCH_PATHS = (
					"$(inherited)",
					"@executable_path/Frameworks",
				);
				MARKETING_VERSION = 1.0;
				PRODUCT_BUNDLE_IDENTIFIER = "com.s-rozov.Today";
				PRODUCT_NAME = "$(TARGET_NAME)";
				SWIFT_EMIT_LOC_STRINGS = YES;
				SWIFT_VERSION = 5.0;
				TARGETED_DEVICE_FAMILY = "1,2";
			};
			name = Release;
		};
/* End XCBuildConfiguration section */

/* Begin XCConfigurationList section */
		AAD0597F28EC8D10004F4962 /* Build configuration list for PBXProject "Today" */ = {
			isa = XCConfigurationList;
			buildConfigurations = (
				AAD059AC28EC8D12004F4962 /* Debug */,
				AAD059AD28EC8D12004F4962 /* Release */,
			);
			defaultConfigurationIsVisible = 0;
			defaultConfigurationName = Release;
		};
		AAD059AE28EC8D12004F4962 /* Build configuration list for PBXNativeTarget "Today" */ = {
			isa = XCConfigurationList;
			buildConfigurations = (
				AAD059AF28EC8D12004F4962 /* Debug */,
				AAD059B028EC8D12004F4962 /* Release */,
			);
			defaultConfigurationIsVisible = 0;
			defaultConfigurationName = Release;
		};
/* End XCConfigurationList section */
	};
	rootObject = AAD0597C28EC8D10004F4962 /* Project object */;
}
